
Microsoft Visual Studio Solution File, Format Version 12.00
# Visual Studio 15
VisualStudioVersion = 15.0.28307.572
MinimumVisualStudioVersion = 10.0.40219.1
Project("{FAE04EC0-301F-11D3-BF4B-00C04F79EFBC}") = "HappyBirthday", "HappyBirthday\HappyBirthday.csproj", "{1293975D-A3F2-4F87-996A-5C4F4F71F039}"
EndProject
Global
	GlobalSection(SolutionConfigurationPlatforms) = preSolution
		Debug|Any CPU = Debug|Any CPU
		Release|Any CPU = Release|Any CPU
	EndGlobalSection
	GlobalSection(ProjectConfigurationPlatforms) = postSolution
		{1293975D-A3F2-4F87-996A-5C4F4F71F039}.Debug|Any CPU.ActiveCfg = Debug|Any CPU
		{1293975D-A3F2-4F87-996A-5C4F4F71F039}.Debug|Any CPU.Build.0 = Debug|Any CPU
		{1293975D-A3F2-4F87-996A-5C4F4F71F039}.Release|Any CPU.ActiveCfg = Release|Any CPU
		{1293975D-A3F2-4F87-996A-5C4F4F71F039}.Release|Any CPU.Build.0 = Release|Any CPU
	EndGlobalSection
	GlobalSection(SolutionProperties) = preSolution
		HideSolutionNode = FALSE
	EndGlobalSection
	GlobalSection(ExtensibilityGlobals) = postSolution
		SolutionGuid = {DBA39731-815D-4337-9EFF-EAF1F557B58F}
	EndGlobalSection
EndGlobal
